
Microsoft Visual Studio Solution File, Format Version 12.00
# Visual Studio Version 16
VisualStudioVersion = 16.0.30309.148
MinimumVisualStudioVersion = 10.0.40219.1
Project("{FAE04EC0-301F-11D3-BF4B-00C04F79EFBC}") = "eshop", "eshop\eshop.csproj", "{9F684D38-21F1-44EC-85BD-1BB34FCE76E5}"
EndProject
Global
	GlobalSection(SolutionConfigurationPlatforms) = preSolution
		Debug|Any CPU = Debug|Any CPU
		Release|Any CPU = Release|Any CPU
	EndGlobalSection
	GlobalSection(ProjectConfigurationPlatforms) = postSolution
		{9F684D38-21F1-44EC-85BD-1BB34FCE76E5}.Debug|Any CPU.ActiveCfg = Debug|Any CPU
		{9F684D38-21F1-44EC-85BD-1BB34FCE76E5}.Debug|Any CPU.Build.0 = Debug|Any CPU
		{9F684D38-21F1-44EC-85BD-1BB34FCE76E5}.Release|Any CPU.ActiveCfg = Release|Any CPU
		{9F684D38-21F1-44EC-85BD-1BB34FCE76E5}.Release|Any CPU.Build.0 = Release|Any CPU
	EndGlobalSection
	GlobalSection(SolutionProperties) = preSolution
		HideSolutionNode = FALSE
	EndGlobalSection
	GlobalSection(ExtensibilityGlobals) = postSolution
		SolutionGuid = {FA1459CE-9543-4C8F-B44E-DFFE92A4E820}
	EndGlobalSection
EndGlobal
